// !$*UTF8*$!
{
	archiveVersion = 1;
	classes = {
	};
	objectVersion = 56;
	objects = {

/* Begin PBXBuildFile section */
		DAC6BC002B9D1AFF00D31779 /* AppDelegate.swift in Sources */ = {isa = PBXBuildFile; fileRef = DAC6BBFF2B9D1AFF00D31779 /* AppDelegate.swift */; };
		DAC6BC022B9D1AFF00D31779 /* SceneDelegate.swift in Sources */ = {isa = PBXBuildFile; fileRef = DAC6BC012B9D1AFF00D31779 /* SceneDelegate.swift */; };
		DAC6BC042B9D1AFF00D31779 /* ViewController.swift in Sources */ = {isa = PBXBuildFile; fileRef = DAC6BC032B9D1AFF00D31779 /* ViewController.swift */; };
		DAC6BC072B9D1AFF00D31779 /* Base in Resources */ = {isa = PBXBuildFile; fileRef = DAC6BC062B9D1AFF00D31779 /* Base */; };
		DAC6BC092B9D1B0100D31779 /* Assets.xcassets in Resources */ = {isa = PBXBuildFile; fileRef = DAC6BC082B9D1B0100D31779 /* Assets.xcassets */; };
		DAC6BC0C2B9D1B0100D31779 /* Base in Resources */ = {isa = PBXBuildFile; fileRef = DAC6BC0B2B9D1B0100D31779 /* Base */; };
		DAC6BC142B9E3A3000D31779 /* Weather-Icon_Mapping.json in Resources */ = {isa = PBXBuildFile; fileRef = DAC6BC132B9E3A3000D31779 /* Weather-Icon_Mapping.json */; };
/* End PBXBuildFile section */

/* Begin PBXFileReference section */
		DAC6BBFC2B9D1AFF00D31779 /* iOS_Lab3-WeatherApp_Abhay.app */ = {isa = PBXFileReference; explicitFileType = wrapper.application; includeInIndex = 0; path = "iOS_Lab3-WeatherApp_Abhay.app"; sourceTree = BUILT_PRODUCTS_DIR; };
		DAC6BBFF2B9D1AFF00D31779 /* AppDelegate.swift */ = {isa = PBXFileReference; lastKnownFileType = sourcecode.swift; path = AppDelegate.swift; sourceTree = "<group>"; };
		DAC6BC012B9D1AFF00D31779 /* SceneDelegate.swift */ = {isa = PBXFileReference; lastKnownFileType = sourcecode.swift; path = SceneDelegate.swift; sourceTree = "<group>"; };
		DAC6BC032B9D1AFF00D31779 /* ViewController.swift */ = {isa = PBXFileReference; lastKnownFileType = sourcecode.swift; path = ViewController.swift; sourceTree = "<group>"; };
		DAC6BC062B9D1AFF00D31779 /* Base */ = {isa = PBXFileReference; lastKnownFileType = file.storyboard; name = Base; path = Base.lproj/Main.storyboard; sourceTree = "<group>"; };
		DAC6BC082B9D1B0100D31779 /* Assets.xcassets */ = {isa = PBXFileReference; lastKnownFileType = folder.assetcatalog; path = Assets.xcassets; sourceTree = "<group>"; };
		DAC6BC0B2B9D1B0100D31779 /* Base */ = {isa = PBXFileReference; lastKnownFileType = file.storyboard; name = Base; path = Base.lproj/LaunchScreen.storyboard; sourceTree = "<group>"; };
		DAC6BC0D2B9D1B0100D31779 /* Info.plist */ = {isa = PBXFileReference; lastKnownFileType = text.plist.xml; path = Info.plist; sourceTree = "<group>"; };
		DAC6BC132B9E3A3000D31779 /* Weather-Icon_Mapping.json */ = {isa = PBXFileReference; fileEncoding = 4; lastKnownFileType = text.json; path = "Weather-Icon_Mapping.json"; sourceTree = "<group>"; };
/* End PBXFileReference section */

/* Begin PBXFrameworksBuildPhase section */
		DAC6BBF92B9D1AFF00D31779 /* Frameworks */ = {
			isa = PBXFrameworksBuildPhase;
			buildActionMask = 2147483647;
			files = (
			);
			runOnlyForDeploymentPostprocessing = 0;
		};
/* End PBXFrameworksBuildPhase section */

/* Begin PBXGroup section */
		DAC6BBF32B9D1AFF00D31779 = {
			isa = PBXGroup;
			children = (
				DAC6BBFE2B9D1AFF00D31779 /* iOS_Lab3-WeatherApp_Abhay */,
				DAC6BBFD2B9D1AFF00D31779 /* Products */,
			);
			sourceTree = "<group>";
		};
		DAC6BBFD2B9D1AFF00D31779 /* Products */ = {
			isa = PBXGroup;
			children = (
				DAC6BBFC2B9D1AFF00D31779 /* iOS_Lab3-WeatherApp_Abhay.app */,
			);
			name = Products;
			sourceTree = "<group>";
		};
		DAC6BBFE2B9D1AFF00D31779 /* iOS_Lab3-WeatherApp_Abhay */ = {
			isa = PBXGroup;
			children = (
				DAC6BBFF2B9D1AFF00D31779 /* AppDelegate.swift */,
				DAC6BC012B9D1AFF00D31779 /* SceneDelegate.swift */,
				DAC6BC032B9D1AFF00D31779 /* ViewController.swift */,
				DAC6BC052B9D1AFF00D31779 /* Main.storyboard */,
				DAC6BC082B9D1B0100D31779 /* Assets.xcassets */,
				DAC6BC0A2B9D1B0100D31779 /* LaunchScreen.storyboard */,
				DAC6BC0D2B9D1B0100D31779 /* Info.plist */,
				DAC6BC132B9E3A3000D31779 /* Weather-Icon_Mapping.json */,
			);
			path = "iOS_Lab3-WeatherApp_Abhay";
			sourceTree = "<group>";
		};
/* End PBXGroup section */

/* Begin PBXNativeTarget section */
		DAC6BBFB2B9D1AFF00D31779 /* iOS_Lab3-WeatherApp_Abhay */ = {
			isa = PBXNativeTarget;
			buildConfigurationList = DAC6BC102B9D1B0100D31779 /* Build configuration list for PBXNativeTarget "iOS_Lab3-WeatherApp_Abhay" */;
			buildPhases = (
				DAC6BBF82B9D1AFF00D31779 /* Sources */,
				DAC6BBF92B9D1AFF00D31779 /* Frameworks */,
				DAC6BBFA2B9D1AFF00D31779 /* Resources */,
			);
			buildRules = (
			);
			dependencies = (
			);
			name = "iOS_Lab3-WeatherApp_Abhay";
			productName = "iOS_Lab3-WeatherApp_Abhay";
			productReference = DAC6BBFC2B9D1AFF00D31779 /* iOS_Lab3-WeatherApp_Abhay.app */;
			productType = "com.apple.product-type.application";
		};
/* End PBXNativeTarget section */

/* Begin PBXProject section */
		DAC6BBF42B9D1AFF00D31779 /* Project object */ = {
			isa = PBXProject;
			attributes = {
				BuildIndependentTargetsInParallel = 1;
				LastSwiftUpdateCheck = 1530;
				LastUpgradeCheck = 1530;
				TargetAttributes = {
					DAC6BBFB2B9D1AFF00D31779 = {
						CreatedOnToolsVersion = 15.3;
					};
				};
			};
			buildConfigurationList = DAC6BBF72B9D1AFF00D31779 /* Build configuration list for PBXProject "iOS_Lab3-WeatherApp_Abhay" */;
			compatibilityVersion = "Xcode 14.0";
			developmentRegion = en;
			hasScannedForEncodings = 0;
			knownRegions = (
				en,
				Base,
			);
			mainGroup = DAC6BBF32B9D1AFF00D31779;
			productRefGroup = DAC6BBFD2B9D1AFF00D31779 /* Products */;
			projectDirPath = "";
			projectRoot = "";
			targets = (
				DAC6BBFB2B9D1AFF00D31779 /* iOS_Lab3-WeatherApp_Abhay */,
			);
		};
/* End PBXProject section */

/* Begin PBXResourcesBuildPhase section */
		DAC6BBFA2B9D1AFF00D31779 /* Resources */ = {
			isa = PBXResourcesBuildPhase;
			buildActionMask = 2147483647;
			files = (
				DAC6BC092B9D1B0100D31779 /* Assets.xcassets in Resources */,
				DAC6BC0C2B9D1B0100D31779 /* Base in Resources */,
				DAC6BC142B9E3A3000D31779 /* Weather-Icon_Mapping.json in Resources */,
				DAC6BC072B9D1AFF00D31779 /* Base in Resources */,
			);
			runOnlyForDeploymentPostprocessing = 0;
		};
/* End PBXResourcesBuildPhase section */

/* Begin PBXSourcesBuildPhase section */
		DAC6BBF82B9D1AFF00D31779 /* Sources */ = {
			isa = PBXSourcesBuildPhase;
			buildActionMask = 2147483647;
			files = (
				DAC6BC042B9D1AFF00D31779 /* ViewController.swift in Sources */,
				DAC6BC002B9D1AFF00D31779 /* AppDelegate.swift in Sources */,
				DAC6BC022B9D1AFF00D31779 /* SceneDelegate.swift in Sources */,
			);
			runOnlyForDeploymentPostprocessing = 0;
		};
/* End PBXSourcesBuildPhase section */

/* Begin PBXVariantGroup section */
		DAC6BC052B9D1AFF00D31779 /* Main.storyboard */ = {
			isa = PBXVariantGroup;
			children = (
				DAC6BC062B9D1AFF00D31779 /* Base */,
			);
			name = Main.storyboard;
			sourceTree = "<group>";
		};
		DAC6BC0A2B9D1B0100D31779 /* LaunchScreen.storyboard */ = {
			isa = PBXVariantGroup;
			children = (
				DAC6BC0B2B9D1B0100D31779 /* Base */,
			);
			name = LaunchScreen.storyboard;
			sourceTree = "<group>";
		};
/* End PBXVariantGroup section */

/* Begin XCBuildConfiguration section */
		DAC6BC0E2B9D1B0100D31779 /* Debug */ = {
			isa = XCBuildConfiguration;
			buildSettings = {
				ALWAYS_SEARCH_USER_PATHS = NO;
				ASSETCATALOG_COMPILER_GENERATE_SWIFT_ASSET_SYMBOL_EXTENSIONS = YES;
				CLANG_ANALYZER_NONNULL = YES;
				CLANG_ANALYZER_NUMBER_OBJECT_CONVERSION = YES_AGGRESSIVE;
				CLANG_CXX_LANGUAGE_STANDARD = "gnu++20";
				CLANG_ENABLE_MODULES = YES;
				CLANG_ENABLE_OBJC_ARC = YES;
				CLANG_ENABLE_OBJC_WEAK = YES;
				CLANG_WARN_BLOCK_CAPTURE_AUTORELEASING = YES;
				CLANG_WARN_BOOL_CONVERSION = YES;
				CLANG_WARN_COMMA = YES;
				CLANG_WARN_CONSTANT_CONVERSION = YES;
				CLANG_WARN_DEPRECATED_OBJC_IMPLEMENTATIONS = YES;
				CLANG_WARN_DIRECT_OBJC_ISA_USAGE = YES_ERROR;
				CLANG_WARN_DOCUMENTATION_COMMENTS = YES;
				CLANG_WARN_EMPTY_BODY = YES;
				CLANG_WARN_ENUM_CONVERSION = YES;
				CLANG_WARN_INFINITE_RECURSION = YES;
				CLANG_WARN_INT_CONVERSION = YES;
				CLANG_WARN_NON_LITERAL_NULL_CONVERSION = YES;
				CLANG_WARN_OBJC_IMPLICIT_RETAIN_SELF = YES;
				CLANG_WARN_OBJC_LITERAL_CONVERSION = YES;
				CLANG_WARN_OBJC_ROOT_CLASS = YES_ERROR;
				CLANG_WARN_QUOTED_INCLUDE_IN_FRAMEWORK_HEADER = YES;
				CLANG_WARN_RANGE_LOOP_ANALYSIS = YES;
				CLANG_WARN_STRICT_PROTOTYPES = YES;
				CLANG_WARN_SUSPICIOUS_MOVE = YES;
				CLANG_WARN_UNGUARDED_AVAILABILITY = YES_AGGRESSIVE;
				CLANG_WARN_UNREACHABLE_CODE = YES;
				CLANG_WARN__DUPLICATE_METHOD_MATCH = YES;
				COPY_PHASE_STRIP = NO;
				DEBUG_INFORMATION_FORMAT = dwarf;
				ENABLE_STRICT_OBJC_MSGSEND = YES;
				ENABLE_TESTABILITY = YES;
				ENABLE_USER_SCRIPT_SANDBOXING = YES;
				GCC_C_LANGUAGE_STANDARD = gnu17;
				GCC_DYNAMIC_NO_PIC = NO;
				GCC_NO_COMMON_BLOCKS = YES;
				GCC_OPTIMIZATION_LEVEL = 0;
				GCC_PREPROCESSOR_DEFINITIONS = (
					"DEBUG=1",
					"$(inherited)",
				);
				GCC_WARN_64_TO_32_BIT_CONVERSION = YES;
				GCC_WARN_ABOUT_RETURN_TYPE = YES_ERROR;
				GCC_WARN_UNDECLARED_SELECTOR = YES;
				GCC_WARN_UNINITIALIZED_AUTOS = YES_AGGRESSIVE;
				GCC_WARN_UNUSED_FUNCTION = YES;
				GCC_WARN_UNUSED_VARIABLE = YES;
				IPHONEOS_DEPLOYMENT_TARGET = 17.4;
				LOCALIZATION_PREFERS_STRING_CATALOGS = YES;
				MTL_ENABLE_DEBUG_INFO = INCLUDE_SOURCE;
				MTL_FAST_MATH = YES;
				ONLY_ACTIVE_ARCH = YES;
				SDKROOT = iphoneos;
				SWIFT_ACTIVE_COMPILATION_CONDITIONS = "DEBUG $(inherited)";
				SWIFT_OPTIMIZATION_LEVEL = "-Onone";
			};
			name = Debug;
		};
		DAC6BC0F2B9D1B0100D31779 /* Release */ = {
			isa = XCBuildConfiguration;
			buildSettings = {
				ALWAYS_SEARCH_USER_PATHS = NO;
				ASSETCATALOG_COMPILER_GENERATE_SWIFT_ASSET_SYMBOL_EXTENSIONS = YES;
				CLANG_ANALYZER_NONNULL = YES;
				CLANG_ANALYZER_NUMBER_OBJECT_CONVERSION = YES_AGGRESSIVE;
				CLANG_CXX_LANGUAGE_STANDARD = "gnu++20";
				CLANG_ENABLE_MODULES = YES;
				CLANG_ENABLE_OBJC_ARC = YES;
				CLANG_ENABLE_OBJC_WEAK = YES;
				CLANG_WARN_BLOCK_CAPTURE_AUTORELEASING = YES;
				CLANG_WARN_BOOL_CONVERSION = YES;
				CLANG_WARN_COMMA = YES;
				CLANG_WARN_CONSTANT_CONVERSION = YES;
				CLANG_WARN_DEPRECATED_OBJC_IMPLEMENTATIONS = YES;
				CLANG_WARN_DIRECT_OBJC_ISA_USAGE = YES_ERROR;
				CLANG_WARN_DOCUMENTATION_COMMENTS = YES;
				CLANG_WARN_EMPTY_BODY = YES;
				CLANG_WARN_ENUM_CONVERSION = YES;
				CLANG_WARN_INFINITE_RECURSION = YES;
				CLANG_WARN_INT_CONVERSION = YES;
				CLANG_WARN_NON_LITERAL_NULL_CONVERSION = YES;
				CLANG_WARN_OBJC_IMPLICIT_RETAIN_SELF = YES;
				CLANG_WARN_OBJC_LITERAL_CONVERSION = YES;
				CLANG_WARN_OBJC_ROOT_CLASS = YES_ERROR;
				CLANG_WARN_QUOTED_INCLUDE_IN_FRAMEWORK_HEADER = YES;
				CLANG_WARN_RANGE_LOOP_ANALYSIS = YES;
				CLANG_WARN_STRICT_PROTOTYPES = YES;
				CLANG_WARN_SUSPICIOUS_MOVE = YES;
				CLANG_WARN_UNGUARDED_AVAILABILITY = YES_AGGRESSIVE;
				CLANG_WARN_UNREACHABLE_CODE = YES;
				CLANG_WARN__DUPLICATE_METHOD_MATCH = YES;
				COPY_PHASE_STRIP = NO;
				DEBUG_INFORMATION_FORMAT = "dwarf-with-dsym";
				ENABLE_NS_ASSERTIONS = NO;
				ENABLE_STRICT_OBJC_MSGSEND = YES;
				ENABLE_USER_SCRIPT_SANDBOXING = YES;
				GCC_C_LANGUAGE_STANDARD = gnu17;
				GCC_NO_COMMON_BLOCKS = YES;
				GCC_WARN_64_TO_32_BIT_CONVERSION = YES;
				GCC_WARN_ABOUT_RETURN_TYPE = YES_ERROR;
				GCC_WARN_UNDECLARED_SELECTOR = YES;
				GCC_WARN_UNINITIALIZED_AUTOS = YES_AGGRESSIVE;
				GCC_WARN_UNUSED_FUNCTION = YES;
				GCC_WARN_UNUSED_VARIABLE = YES;
				IPHONEOS_DEPLOYMENT_TARGET = 17.4;
				LOCALIZATION_PREFERS_STRING_CATALOGS = YES;
				MTL_ENABLE_DEBUG_INFO = NO;
				MTL_FAST_MATH = YES;
				SDKROOT = iphoneos;
				SWIFT_COMPILATION_MODE = wholemodule;
				VALIDATE_PRODUCT = YES;
			};
			name = Release;
		};
		DAC6BC112B9D1B0100D31779 /* Debug */ = {
			isa = XCBuildConfiguration;
			buildSettings = {
				ASSETCATALOG_COMPILER_APPICON_NAME = AppIcon;
				ASSETCATALOG_COMPILER_GLOBAL_ACCENT_COLOR_NAME = AccentColor;
				CODE_SIGN_STYLE = Automatic;
				CURRENT_PROJECT_VERSION = 1;
				GENERATE_INFOPLIST_FILE = YES;
				INFOPLIST_FILE = "iOS_Lab3-WeatherApp_Abhay/Info.plist";
				INFOPLIST_KEY_UIApplicationSupportsIndirectInputEvents = YES;
				INFOPLIST_KEY_UILaunchStoryboardName = LaunchScreen;
				INFOPLIST_KEY_UIMainStoryboardFile = Main;
				INFOPLIST_KEY_UISupportedInterfaceOrientations_iPad = "UIInterfaceOrientationPortrait UIInterfaceOrientationPortraitUpsideDown UIInterfaceOrientationLandscapeLeft UIInterfaceOrientationLandscapeRight";
				INFOPLIST_KEY_UISupportedInterfaceOrientations_iPhone = "UIInterfaceOrientationPortrait UIInterfaceOrientationLandscapeLeft UIInterfaceOrientationLandscapeRight";
				LD_RUNPATH_SEARCH_PATHS = (
					"$(inherited)",
					"@executable_path/Frameworks",
				);
				MARKETING_VERSION = 1.0;
				PRODUCT_BUNDLE_IDENTIFIER = "com.example.abhay-limaye.iOS-Lab3-WeatherApp-Abhay";
				PRODUCT_NAME = "$(TARGET_NAME)";
				SWIFT_EMIT_LOC_STRINGS = YES;
				SWIFT_VERSION = 5.0;
				TARGETED_DEVICE_FAMILY = "1,2";
			};
			name = Debug;
		};
		DAC6BC122B9D1B0100D31779 /* Release */ = {
			isa = XCBuildConfiguration;
			buildSettings = {
				ASSETCATALOG_COMPILER_APPICON_NAME = AppIcon;
				ASSETCATALOG_COMPILER_GLOBAL_ACCENT_COLOR_NAME = AccentColor;
				CODE_SIGN_STYLE = Automatic;
				CURRENT_PROJECT_VERSION = 1;
				GENERATE_INFOPLIST_FILE = YES;
				INFOPLIST_FILE = "iOS_Lab3-WeatherApp_Abhay/Info.plist";
				INFOPLIST_KEY_UIApplicationSupportsIndirectInputEvents = YES;
				INFOPLIST_KEY_UILaunchStoryboardName = LaunchScreen;
				INFOPLIST_KEY_UIMainStoryboardFile = Main;
				INFOPLIST_KEY_UISupportedInterfaceOrientations_iPad = "UIInterfaceOrientationPortrait UIInterfaceOrientationPortraitUpsideDown UIInterfaceOrientationLandscapeLeft UIInterfaceOrientationLandscapeRight";
				INFOPLIST_KEY_UISupportedInterfaceOrientations_iPhone = "UIInterfaceOrientationPortrait UIInterfaceOrientationLandscapeLeft UIInterfaceOrientationLandscapeRight";
				LD_RUNPATH_SEARCH_PATHS = (
					"$(inherited)",
					"@executable_path/Frameworks",
				);
				MARKETING_VERSION = 1.0;
				PRODUCT_BUNDLE_IDENTIFIER = "com.example.abhay-limaye.iOS-Lab3-WeatherApp-Abhay";
				PRODUCT_NAME = "$(TARGET_NAME)";
				SWIFT_EMIT_LOC_STRINGS = YES;
				SWIFT_VERSION = 5.0;
				TARGETED_DEVICE_FAMILY = "1,2";
			};
			name = Release;
		};
/* End XCBuildConfiguration section */

/* Begin XCConfigurationList section */
		DAC6BBF72B9D1AFF00D31779 /* Build configuration list for PBXProject "iOS_Lab3-WeatherApp_Abhay" */ = {
			isa = XCConfigurationList;
			buildConfigurations = (
				DAC6BC0E2B9D1B0100D31779 /* Debug */,
				DAC6BC0F2B9D1B0100D31779 /* Release */,
			);
			defaultConfigurationIsVisible = 0;
			defaultConfigurationName = Release;
		};
		DAC6BC102B9D1B0100D31779 /* Build configuration list for PBXNativeTarget "iOS_Lab3-WeatherApp_Abhay" */ = {
			isa = XCConfigurationList;
			buildConfigurations = (
				DAC6BC112B9D1B0100D31779 /* Debug */,
				DAC6BC122B9D1B0100D31779 /* Release */,
			);
			defaultConfigurationIsVisible = 0;
			defaultConfigurationName = Release;
		};
/* End XCConfigurationList section */
	};
	rootObject = DAC6BBF42B9D1AFF00D31779 /* Project object */;
}
